
Microsoft Visual Studio Solution File, Format Version 12.00
# Visual Studio Version 17
VisualStudioVersion = 17.11.35312.102
MinimumVisualStudioVersion = 10.0.40219.1
Project("{FAE04EC0-301F-11D3-BF4B-00C04F79EFBC}") = "ConsoleApp10", "ConsoleApp10\ConsoleApp10.csproj", "{6067BB81-52C8-40D6-96E0-72B327EB0B81}"
EndProject
Global
	GlobalSection(SolutionConfigurationPlatforms) = preSolution
		Debug|Any CPU = Debug|Any CPU
		Release|Any CPU = Release|Any CPU
	EndGlobalSection
	GlobalSection(ProjectConfigurationPlatforms) = postSolution
		{6067BB81-52C8-40D6-96E0-72B327EB0B81}.Debug|Any CPU.ActiveCfg = Debug|Any CPU
		{6067BB81-52C8-40D6-96E0-72B327EB0B81}.Debug|Any CPU.Build.0 = Debug|Any CPU
		{6067BB81-52C8-40D6-96E0-72B327EB0B81}.Release|Any CPU.ActiveCfg = Release|Any CPU
		{6067BB81-52C8-40D6-96E0-72B327EB0B81}.Release|Any CPU.Build.0 = Release|Any CPU
	EndGlobalSection
	GlobalSection(SolutionProperties) = preSolution
		HideSolutionNode = FALSE
	EndGlobalSection
	GlobalSection(ExtensibilityGlobals) = postSolution
		SolutionGuid = {D58D9C07-C55C-46DD-A364-F5A3E097AFEA}
	EndGlobalSection
EndGlobal
